{
    "_readme": [
        "This file locks the dependencies of your project to a known state",
        "Read more about it at http://getcomposer.org/doc/01-basic-usage.md#composer-lock-the-lock-file",
        "This file is @generated automatically"
    ],
    "hash": "8819010e2901e28f995a9a52b4c184eb",
    "packages": [
        {
            "name": "phpunit/php-code-coverage",
            "version": "1.2.x-dev",
            "source": {
                "type": "git",
                "url": "https://github.com/sebastianbergmann/php-code-coverage.git",
                "reference": "61fed79803b6c75d461b909dfac05bbef5cd4f46"
            },
            "dist": {
                "type": "zip",
                "url": "https://api.github.com/repos/sebastianbergmann/php-code-coverage/zipball/61fed79803b6c75d461b909dfac05bbef5cd4f46",
                "reference": "61fed79803b6c75d461b909dfac05bbef5cd4f46",
                "shasum": ""
            },
            "require": {
                "php": ">=5.3.3",
                "phpunit/php-file-iterator": ">=1.3.0@stable",
                "phpunit/php-text-template": ">=1.2.0@stable",
                "phpunit/php-token-stream": ">=1.1.3@stable"
            },
            "require-dev": {
                "phpunit/phpunit": "3.7.*@dev"
            },
            "suggest": {
                "ext-dom": "*",
                "ext-xdebug": ">=2.0.5"
            },
            "type": "library",
            "extra": {
                "branch-alias": {
                    "dev-master": "1.2.x-dev"
                }
            },
            "autoload": {
                "classmap": [
                    "PHP/"
                ]
            },
            "notification-url": "https://packagist.org/downloads/",
            "include-path": [
                ""
            ],
            "license": [
                "BSD-3-Clause"
            ],
            "authors": [
                {
                    "name": "Sebastian Bergmann",
                    "email": "sb@sebastian-bergmann.de",
                    "role": "lead"
                }
            ],
            "description": "Library that provides collection, processing, and rendering functionality for PHP code coverage information.",
            "homepage": "https://github.com/sebastianbergmann/php-code-coverage",
            "keywords": [
                "coverage",
                "testing",
                "xunit"
            ],
            "time": "2014-05-19 01:58:57"
        },
        {
            "name": "phpunit/php-file-iterator",
            "version": "dev-master",
            "source": {
                "type": "git",
                "url": "https://github.com/sebastianbergmann/php-file-iterator.git",
                "reference": "acd690379117b042d1c8af1fafd61bde001bf6bb"
            },
            "dist": {
                "type": "zip",
                "url": "https://api.github.com/repos/sebastianbergmann/php-file-iterator/zipball/acd690379117b042d1c8af1fafd61bde001bf6bb",
                "reference": "acd690379117b042d1c8af1fafd61bde001bf6bb",
                "shasum": ""
            },
            "require": {
                "php": ">=5.3.3"
            },
            "type": "library",
            "autoload": {
                "classmap": [
                    "File/"
                ]
            },
            "notification-url": "https://packagist.org/downloads/",
            "include-path": [
                ""
            ],
            "license": [
                "BSD-3-Clause"
            ],
            "authors": [
                {
                    "name": "Sebastian Bergmann",
                    "email": "sb@sebastian-bergmann.de",
                    "role": "lead"
                }
            ],
            "description": "FilterIterator implementation that filters files based on a list of suffixes.",
            "homepage": "https://github.com/sebastianbergmann/php-file-iterator/",
            "keywords": [
                "filesystem",
                "iterator"
            ],
            "time": "2013-10-10 15:34:57"
        },
        {
            "name": "phpunit/php-text-template",
            "version": "dev-master",
            "source": {
                "type": "git",
                "url": "https://github.com/sebastianbergmann/php-text-template.git",
                "reference": "206dfefc0ffe9cebf65c413e3d0e809c82fbf00a"
            },
            "dist": {
                "type": "zip",
                "url": "https://api.github.com/repos/sebastianbergmann/php-text-template/zipball/206dfefc0ffe9cebf65c413e3d0e809c82fbf00a",
                "reference": "206dfefc0ffe9cebf65c413e3d0e809c82fbf00a",
                "shasum": ""
            },
            "require": {
                "php": ">=5.3.3"
            },
            "type": "library",
            "autoload": {
                "classmap": [
                    "Text/"
                ]
            },
            "notification-url": "https://packagist.org/downloads/",
            "include-path": [
                ""
            ],
            "license": [
                "BSD-3-Clause"
            ],
            "authors": [
                {
                    "name": "Sebastian Bergmann",
                    "email": "sb@sebastian-bergmann.de",
                    "role": "lead"
                }
            ],
            "description": "Simple template engine.",
            "homepage": "https://github.com/sebastianbergmann/php-text-template/",
            "keywords": [
                "template"
            ],
            "time": "2014-01-30 17:20:04"
        },
        {
            "name": "phpunit/php-timer",
            "version": "dev-master",
            "source": {
                "type": "git",
                "url": "https://github.com/sebastianbergmann/php-timer.git",
                "reference": "19689d4354b295ee3d8c54b4f42c3efb69cbc17c"
            },
            "dist": {
                "type": "zip",
                "url": "https://api.github.com/repos/sebastianbergmann/php-timer/zipball/19689d4354b295ee3d8c54b4f42c3efb69cbc17c",
                "reference": "19689d4354b295ee3d8c54b4f42c3efb69cbc17c",
                "shasum": ""
            },
            "require": {
                "php": ">=5.3.3"
            },
            "type": "library",
            "autoload": {
                "classmap": [
                    "PHP/"
                ]
            },
            "notification-url": "https://packagist.org/downloads/",
            "include-path": [
                ""
            ],
            "license": [
                "BSD-3-Clause"
            ],
            "authors": [
                {
                    "name": "Sebastian Bergmann",
                    "email": "sb@sebastian-bergmann.de",
                    "role": "lead"
                }
            ],
            "description": "Utility class for timing",
            "homepage": "https://github.com/sebastianbergmann/php-timer/",
            "keywords": [
                "timer"
            ],
            "time": "2013-08-02 07:42:54"
        },
        {
            "name": "phpunit/php-token-stream",
            "version": "dev-master",
            "source": {
                "type": "git",
                "url": "https://github.com/sebastianbergmann/php-token-stream.git",
                "reference": "955c24b708f8bfd6a05f303217a8dac3a443d531"
            },
            "dist": {
                "type": "zip",
                "url": "https://api.github.com/repos/sebastianbergmann/php-token-stream/zipball/955c24b708f8bfd6a05f303217a8dac3a443d531",
                "reference": "955c24b708f8bfd6a05f303217a8dac3a443d531",
                "shasum": ""
            },
            "require": {
                "ext-tokenizer": "*",
                "php": ">=5.3.3"
            },
            "type": "library",
            "extra": {
                "branch-alias": {
                    "dev-master": "1.2-dev"
                }
            },
            "autoload": {
                "classmap": [
                    "PHP/"
                ]
            },
            "notification-url": "https://packagist.org/downloads/",
            "include-path": [
                ""
            ],
            "license": [
                "BSD-3-Clause"
            ],
            "authors": [
                {
                    "name": "Sebastian Bergmann",
                    "email": "sb@sebastian-bergmann.de",
                    "role": "lead"
                }
            ],
            "description": "Wrapper around PHP's tokenizer extension.",
            "homepage": "https://github.com/sebastianbergmann/php-token-stream/",
            "keywords": [
                "tokenizer"
            ],
            "time": "2014-05-12 05:34:42"
        },
        {
            "name": "phpunit/phpunit",
            "version": "3.7.29",
            "source": {
                "type": "git",
                "url": "https://github.com/sebastianbergmann/phpunit.git",
                "reference": "faeb2d9f15dc83830d2db5e4c67acf1d68c9b5ac"
            },
            "dist": {
                "type": "zip",
                "url": "https://api.github.com/repos/sebastianbergmann/phpunit/zipball/faeb2d9f15dc83830d2db5e4c67acf1d68c9b5ac",
                "reference": "faeb2d9f15dc83830d2db5e4c67acf1d68c9b5ac",
                "shasum": ""
            },
            "require": {
                "ext-dom": "*",
                "ext-pcre": "*",
                "ext-reflection": "*",
                "ext-spl": "*",
                "php": ">=5.3.3",
                "phpunit/php-code-coverage": "~1.2.1",
                "phpunit/php-file-iterator": ">=1.3.1",
                "phpunit/php-text-template": ">=1.1.1",
                "phpunit/php-timer": ">=1.0.4",
                "phpunit/phpunit-mock-objects": "~1.2.0",
                "symfony/yaml": "~2.0"
            },
            "require-dev": {
                "pear-pear/pear": "1.9.4"
            },
            "suggest": {
                "ext-json": "*",
                "ext-simplexml": "*",
                "ext-tokenizer": "*",
                "phpunit/php-invoker": ">=1.1.0,<1.2.0"
            },
            "bin": [
                "composer/bin/phpunit"
            ],
            "type": "library",
            "extra": {
                "branch-alias": {
                    "dev-master": "3.7.x-dev"
                }
            },
            "autoload": {
                "classmap": [
                    "PHPUnit/"
                ]
            },
            "notification-url": "https://packagist.org/downloads/",
            "include-path": [
                "",
                "../../symfony/yaml/"
            ],
            "license": [
                "BSD-3-Clause"
            ],
            "authors": [
                {
                    "name": "Sebastian Bergmann",
                    "email": "sebastian@phpunit.de",
                    "role": "lead"
                }
            ],
            "description": "The PHP Unit Testing framework.",
            "homepage": "http://www.phpunit.de/",
            "keywords": [
                "phpunit",
                "testing",
                "xunit"
            ],
            "time": "2014-01-15 06:46:38"
        },
        {
            "name": "phpunit/phpunit-mock-objects",
            "version": "1.2.x-dev",
            "source": {
                "type": "git",
                "url": "https://github.com/sebastianbergmann/phpunit-mock-objects.git",
                "reference": "c39c4511c3b007539eb170c32cbc2af49a07351a"
            },
            "dist": {
                "type": "zip",
                "url": "https://api.github.com/repos/sebastianbergmann/phpunit-mock-objects/zipball/c39c4511c3b007539eb170c32cbc2af49a07351a",
                "reference": "c39c4511c3b007539eb170c32cbc2af49a07351a",
                "shasum": ""
            },
            "require": {
                "php": ">=5.3.3",
                "phpunit/php-text-template": ">=1.1.1@stable"
            },
            "require-dev": {
                "phpunit/phpunit": "3.7.*@dev"
            },
            "suggest": {
                "ext-soap": "*"
            },
            "type": "library",
            "extra": {
                "branch-alias": {
                    "dev-master": "1.2.x-dev"
                }
            },
            "autoload": {
                "classmap": [
                    "PHPUnit/"
                ]
            },
            "notification-url": "https://packagist.org/downloads/",
            "include-path": [
                ""
            ],
            "license": [
                "BSD-3-Clause"
            ],
            "authors": [
                {
                    "name": "Sebastian Bergmann",
                    "email": "sb@sebastian-bergmann.de",
                    "role": "lead"
                }
            ],
            "description": "Mock Object library for PHPUnit",
            "homepage": "https://github.com/sebastianbergmann/phpunit-mock-objects/",
            "keywords": [
                "mock",
                "xunit"
            ],
            "time": "2014-02-16 12:43:56"
        },
        {
            "name": "symfony/yaml",
            "version": "dev-master",
            "target-dir": "Symfony/Component/Yaml",
            "source": {
                "type": "git",
                "url": "https://github.com/symfony/Yaml.git",
                "reference": "d151f00d4fae107ea0d70ade6b0d2d3e81f45ecd"
            },
            "dist": {
                "type": "zip",
                "url": "https://api.github.com/repos/symfony/Yaml/zipball/d151f00d4fae107ea0d70ade6b0d2d3e81f45ecd",
                "reference": "d151f00d4fae107ea0d70ade6b0d2d3e81f45ecd",
                "shasum": ""
            },
            "require": {
                "php": ">=5.3.3"
            },
            "type": "library",
            "extra": {
                "branch-alias": {
                    "dev-master": "2.6-dev"
                }
            },
            "autoload": {
                "psr-0": {
                    "Symfony\\Component\\Yaml\\": ""
                }
            },
            "notification-url": "https://packagist.org/downloads/",
            "license": [
                "MIT"
            ],
            "authors": [
                {
                    "name": "Fabien Potencier",
                    "email": "fabien@symfony.com",
                    "homepage": "http://fabien.potencier.org",
                    "role": "Lead Developer"
                },
                {
                    "name": "Symfony Community",
                    "homepage": "http://symfony.com/contributors"
                }
            ],
            "description": "Symfony Yaml Component",
            "homepage": "http://symfony.com",
            "time": "2014-05-23 14:36:49"
        }
    ],
    "packages-dev": [
        {
            "name": "behat/behat",
            "version": "v2.5.3",
            "source": {
                "type": "git",
                "url": "https://github.com/Behat/Behat.git",
                "reference": "c3a105a3c0457df919879c72b63b910e63739e51"
            },
            "dist": {
                "type": "zip",
                "url": "https://api.github.com/repos/Behat/Behat/zipball/c3a105a3c0457df919879c72b63b910e63739e51",
                "reference": "c3a105a3c0457df919879c72b63b910e63739e51",
                "shasum": ""
            },
            "require": {
                "behat/gherkin": "~2.3.0",
                "php": ">=5.3.1",
                "symfony/config": "~2.0",
                "symfony/console": "~2.0",
                "symfony/dependency-injection": "~2.0",
                "symfony/event-dispatcher": "~2.0",
                "symfony/finder": "~2.0",
                "symfony/translation": "~2.0",
                "symfony/yaml": "~2.0"
            },
            "require-dev": {
                "phpunit/phpunit": "~3.7.19"
            },
            "suggest": {
                "behat/mink-extension": "for integration with Mink testing framework",
                "behat/symfony2-extension": "for integration with Symfony2 web framework",
                "behat/yii-extension": "for integration with Yii web framework"
            },
            "bin": [
                "bin/behat"
            ],
            "type": "library",
            "autoload": {
                "psr-0": {
                    "Behat\\Behat": "src/"
                }
            },
            "notification-url": "https://packagist.org/downloads/",
            "license": [
                "MIT"
            ],
            "authors": [
                {
                    "name": "Konstantin Kudryashov",
                    "email": "ever.zet@gmail.com",
                    "homepage": "http://everzet.com"
                }
            ],
            "description": "Scenario-oriented BDD framework for PHP 5.3",
            "homepage": "http://behat.org/",
            "keywords": [
                "BDD",
                "Behat",
                "Symfony2"
            ],
            "time": "2014-04-26 16:55:16"
        },
        {
            "name": "behat/gherkin",
            "version": "2.3.x-dev",
            "source": {
                "type": "git",
                "url": "https://github.com/Behat/Gherkin.git",
                "reference": "2b33963da5525400573560c173ab5c9c057e1852"
            },
            "dist": {
                "type": "zip",
                "url": "https://api.github.com/repos/Behat/Gherkin/zipball/2b33963da5525400573560c173ab5c9c057e1852",
                "reference": "2b33963da5525400573560c173ab5c9c057e1852",
                "shasum": ""
            },
            "require": {
                "php": ">=5.3.1",
                "symfony/finder": "~2.0"
            },
            "require-dev": {
                "symfony/config": "~2.0",
                "symfony/translation": "~2.0",
                "symfony/yaml": "~2.0"
            },
            "suggest": {
                "symfony/config": "If you want to use Config component to manage resources",
                "symfony/translation": "If you want to use Symfony2 translations adapter",
                "symfony/yaml": "If you want to parse features, represented in YAML files"
            },
            "type": "library",
            "extra": {
                "branch-alias": {
                    "dev-develop": "2.2-dev"
                }
            },
            "autoload": {
                "psr-0": {
                    "Behat\\Gherkin": "src/"
                }
            },
            "notification-url": "https://packagist.org/downloads/",
            "license": [
                "MIT"
            ],
            "authors": [
                {
                    "name": "Konstantin Kudryashov",
                    "email": "ever.zet@gmail.com",
                    "homepage": "http://everzet.com"
                }
            ],
            "description": "Gherkin DSL parser for PHP 5.3",
            "homepage": "http://behat.org/",
            "keywords": [
                "BDD",
                "Behat",
                "DSL",
                "Symfony2",
                "parser"
            ],
            "time": "2013-10-15 11:22:17"
        },
        {
            "name": "behat/mink",
            "version": "dev-master",
            "source": {
                "type": "git",
                "url": "https://github.com/Behat/Mink.git",
                "reference": "8becf96f7df113433ad4030a1ad2114de842d9b0"
            },
            "dist": {
                "type": "zip",
                "url": "https://api.github.com/repos/Behat/Mink/zipball/8becf96f7df113433ad4030a1ad2114de842d9b0",
                "reference": "8becf96f7df113433ad4030a1ad2114de842d9b0",
                "shasum": ""
            },
            "require": {
                "php": ">=5.3.1",
                "symfony/css-selector": "~2.0"
            },
            "suggest": {
                "behat/mink-browserkit-driver": "extremely fast headless driver for Symfony\\Kernel-based apps (Sf2, Silex)",
                "behat/mink-goutte-driver": "fast headless driver for any app without JS emulation",
                "behat/mink-selenium2-driver": "slow, but JS-enabled driver for any app (requires Selenium2)",
                "behat/mink-zombie-driver": "fast and JS-enabled headless driver for any app (requires node.js)"
            },
            "type": "library",
            "extra": {
                "branch-alias": {
                    "dev-master": "1.6.x-dev"
                }
            },
            "autoload": {
                "psr-0": {
                    "Behat\\Mink": "src/"
                }
            },
            "notification-url": "https://packagist.org/downloads/",
            "license": [
                "MIT"
            ],
            "authors": [
                {
                    "name": "Konstantin Kudryashov",
                    "email": "ever.zet@gmail.com",
                    "homepage": "http://everzet.com"
                }
            ],
            "description": "Web acceptance testing framework for PHP 5.3",
            "homepage": "http://mink.behat.org/",
            "keywords": [
                "browser",
                "testing",
                "web"
            ],
            "time": "2014-05-20 08:34:33"
        },
        {
            "name": "behat/mink-extension",
            "version": "1.3.x-dev",
            "source": {
                "type": "git",
                "url": "https://github.com/Behat/MinkExtension.git",
                "reference": "b885b9407cba50a954f72c69ed1b2f8d3bc694f8"
            },
            "dist": {
                "type": "zip",
                "url": "https://api.github.com/repos/Behat/MinkExtension/zipball/b885b9407cba50a954f72c69ed1b2f8d3bc694f8",
                "reference": "b885b9407cba50a954f72c69ed1b2f8d3bc694f8",
                "shasum": ""
            },
            "require": {
                "behat/behat": "~2.5.0",
                "behat/mink": "~1.5",
                "php": ">=5.3.2",
                "symfony/config": "~2.2"
            },
            "require-dev": {
                "behat/mink-goutte-driver": "~1.0",
                "fabpot/goutte": "~1.0"
            },
            "type": "behat-extension",
            "autoload": {
                "psr-0": {
                    "Behat\\MinkExtension": "src/"
                }
            },
            "notification-url": "https://packagist.org/downloads/",
            "license": [
                "MIT"
            ],
            "authors": [
                {
                    "name": "Konstantin Kudryashov",
                    "email": "ever.zet@gmail.com",
                    "homepage": "http://everzet.com"
                }
            ],
            "description": "Mink extension for Behat",
            "homepage": "http://mink.behat.org",
            "keywords": [
                "browser",
                "gui",
                "test",
                "web"
            ],
            "time": "2014-05-15 19:27:39"
        },
        {
            "name": "behat/mink-selenium2-driver",
            "version": "dev-master",
            "source": {
                "type": "git",
                "url": "https://github.com/Behat/MinkSelenium2Driver.git",
                "reference": "e773928c6f7f88d6460af5fbb9a87ebbec170df9"
            },
            "dist": {
                "type": "zip",
                "url": "https://api.github.com/repos/Behat/MinkSelenium2Driver/zipball/e773928c6f7f88d6460af5fbb9a87ebbec170df9",
                "reference": "e773928c6f7f88d6460af5fbb9a87ebbec170df9",
                "shasum": ""
            },
            "require": {
                "behat/mink": "~1.6@dev",
                "instaclick/php-webdriver": "~1.1",
                "php": ">=5.3.1"
            },
            "type": "mink-driver",
            "extra": {
                "branch-alias": {
                    "dev-master": "1.2.x-dev"
                }
            },
            "autoload": {
                "psr-0": {
                    "Behat\\Mink\\Driver": "src/"
                }
            },
            "notification-url": "https://packagist.org/downloads/",
            "license": [
                "MIT"
            ],
            "authors": [
                {
                    "name": "Konstantin Kudryashov",
                    "email": "ever.zet@gmail.com",
                    "homepage": "http://everzet.com"
                },
                {
                    "name": "Pete Otaqui",
                    "email": "pete@otaqui.com",
                    "homepage": "https://github.com/pete-otaqui"
                }
            ],
            "description": "Selenium2 (WebDriver) driver for Mink framework",
            "homepage": "http://mink.behat.org/",
            "keywords": [
                "ajax",
                "browser",
                "javascript",
                "selenium",
                "testing",
                "webdriver"
            ],
            "time": "2014-05-24 12:53:48"
        },
        {
            "name": "instaclick/php-webdriver",
            "version": "dev-master",
            "source": {
                "type": "git",
                "url": "https://github.com/instaclick/php-webdriver.git",
                "reference": "a57b2bcd9467e217134a2248b261b8b3a90ccea0"
            },
            "dist": {
                "type": "zip",
                "url": "https://api.github.com/repos/instaclick/php-webdriver/zipball/a57b2bcd9467e217134a2248b261b8b3a90ccea0",
                "reference": "a57b2bcd9467e217134a2248b261b8b3a90ccea0",
                "shasum": ""
            },
            "require": {
                "ext-curl": "*",
                "php": ">=5.3.2"
            },
            "require-dev": {
                "satooshi/php-coveralls": "dev-master"
            },
            "type": "library",
            "extra": {
                "branch-alias": {
                    "dev-master": "1.4.x-dev"
                }
            },
            "autoload": {
                "psr-0": {
                    "WebDriver": "lib/"
                }
            },
            "notification-url": "https://packagist.org/downloads/",
            "license": [
                "Apache-2.0"
            ],
            "authors": [
                {
                    "name": "Justin Bishop",
                    "email": "jubishop@gmail.com",
                    "role": "Developer"
                },
                {
                    "name": "Anthon Pang",
                    "email": "apang@softwaredevelopment.ca",
                    "role": "Fork Maintainer"
                }
            ],
            "description": "PHP WebDriver for Selenium 2",
            "homepage": "http://instaclick.com/",
            "keywords": [
                "browser",
                "selenium",
                "webdriver",
                "webtest"
            ],
            "time": "2014-05-12 21:03:05"
        },
        {
            "name": "symfony/config",
            "version": "dev-master",
            "target-dir": "Symfony/Component/Config",
            "source": {
                "type": "git",
                "url": "https://github.com/symfony/Config.git",
                "reference": "32018f35de323afd1bffb601f9e760ff3fb6ba05"
            },
            "dist": {
                "type": "zip",
                "url": "https://api.github.com/repos/symfony/Config/zipball/32018f35de323afd1bffb601f9e760ff3fb6ba05",
                "reference": "32018f35de323afd1bffb601f9e760ff3fb6ba05",
                "shasum": ""
            },
            "require": {
                "php": ">=5.3.3",
                "symfony/filesystem": "~2.3"
            },
            "type": "library",
            "extra": {
                "branch-alias": {
                    "dev-master": "2.6-dev"
                }
            },
            "autoload": {
                "psr-0": {
                    "Symfony\\Component\\Config\\": ""
                }
            },
            "notification-url": "https://packagist.org/downloads/",
            "license": [
                "MIT"
            ],
            "authors": [
                {
                    "name": "Fabien Potencier",
                    "email": "fabien@symfony.com",
                    "homepage": "http://fabien.potencier.org",
                    "role": "Lead Developer"
                },
                {
                    "name": "Symfony Community",
                    "homepage": "http://symfony.com/contributors"
                }
            ],
            "description": "Symfony Config Component",
            "homepage": "http://symfony.com",
            "time": "2014-05-23 14:36:49"
        },
        {
            "name": "symfony/console",
            "version": "v2.4.5",
            "target-dir": "Symfony/Component/Console",
            "source": {
                "type": "git",
                "url": "https://github.com/symfony/Console.git",
                "reference": "24f723436e62598c9dddee2a8573d6992504dc5d"
            },
            "dist": {
                "type": "zip",
                "url": "https://api.github.com/repos/symfony/Console/zipball/24f723436e62598c9dddee2a8573d6992504dc5d",
                "reference": "24f723436e62598c9dddee2a8573d6992504dc5d",
                "shasum": ""
            },
            "require": {
                "php": ">=5.3.3"
            },
            "require-dev": {
                "symfony/event-dispatcher": "~2.1"
            },
            "suggest": {
                "symfony/event-dispatcher": ""
            },
            "type": "library",
            "extra": {
                "branch-alias": {
                    "dev-master": "2.4-dev"
                }
            },
            "autoload": {
                "psr-0": {
                    "Symfony\\Component\\Console\\": ""
                }
            },
            "notification-url": "https://packagist.org/downloads/",
            "license": [
                "MIT"
            ],
            "authors": [
                {
                    "name": "Fabien Potencier",
                    "email": "fabien@symfony.com",
                    "homepage": "http://fabien.potencier.org",
                    "role": "Lead Developer"
                },
                {
                    "name": "Symfony Community",
                    "homepage": "http://symfony.com/contributors"
                }
            ],
            "description": "Symfony Console Component",
            "homepage": "http://symfony.com",
            "time": "2014-05-14 21:48:29"
        },
        {
            "name": "symfony/css-selector",
            "version": "dev-master",
            "target-dir": "Symfony/Component/CssSelector",
            "source": {
                "type": "git",
                "url": "https://github.com/symfony/CssSelector.git",
                "reference": "49bc712d4c59878aae9aa1b3a471fa48f31a1ed2"
            },
            "dist": {
                "type": "zip",
                "url": "https://api.github.com/repos/symfony/CssSelector/zipball/49bc712d4c59878aae9aa1b3a471fa48f31a1ed2",
                "reference": "49bc712d4c59878aae9aa1b3a471fa48f31a1ed2",
                "shasum": ""
            },
            "require": {
                "php": ">=5.3.3"
            },
            "type": "library",
            "extra": {
                "branch-alias": {
                    "dev-master": "2.6-dev"
                }
            },
            "autoload": {
                "psr-0": {
                    "Symfony\\Component\\CssSelector\\": ""
                }
            },
            "notification-url": "https://packagist.org/downloads/",
            "license": [
                "MIT"
            ],
            "authors": [
                {
                    "name": "Fabien Potencier",
                    "email": "fabien@symfony.com",
                    "homepage": "http://fabien.potencier.org",
                    "role": "Lead Developer"
                },
                {
                    "name": "Symfony Community",
                    "homepage": "http://symfony.com/contributors"
                },
                {
                    "name": "Jean-François Simon",
                    "email": "jeanfrancois.simon@sensiolabs.com"
                }
            ],
            "description": "Symfony CssSelector Component",
            "homepage": "http://symfony.com",
            "time": "2014-05-23 14:36:49"
        },
        {
            "name": "symfony/dependency-injection",
            "version": "dev-master",
            "target-dir": "Symfony/Component/DependencyInjection",
            "source": {
                "type": "git",
                "url": "https://github.com/symfony/DependencyInjection.git",
                "reference": "4040578469625dc4d3c3c70f583bb995c764c434"
            },
            "dist": {
                "type": "zip",
                "url": "https://api.github.com/repos/symfony/DependencyInjection/zipball/4040578469625dc4d3c3c70f583bb995c764c434",
                "reference": "4040578469625dc4d3c3c70f583bb995c764c434",
                "shasum": ""
            },
            "require": {
                "php": ">=5.3.3"
            },
            "require-dev": {
                "symfony/config": "~2.2",
                "symfony/expression-language": "~2.4",
                "symfony/yaml": "~2.0"
            },
            "suggest": {
                "symfony/config": "",
                "symfony/proxy-manager-bridge": "Generate service proxies to lazy load them",
                "symfony/yaml": ""
            },
            "type": "library",
            "extra": {
                "branch-alias": {
                    "dev-master": "2.6-dev"
                }
            },
            "autoload": {
                "psr-0": {
                    "Symfony\\Component\\DependencyInjection\\": ""
                }
            },
            "notification-url": "https://packagist.org/downloads/",
            "license": [
                "MIT"
            ],
            "authors": [
                {
                    "name": "Fabien Potencier",
                    "email": "fabien@symfony.com",
                    "homepage": "http://fabien.potencier.org",
                    "role": "Lead Developer"
                },
                {
                    "name": "Symfony Community",
                    "homepage": "http://symfony.com/contributors"
                }
            ],
            "description": "Symfony DependencyInjection Component",
            "homepage": "http://symfony.com",
            "time": "2014-05-23 14:36:49"
        },
        {
            "name": "symfony/event-dispatcher",
            "version": "dev-master",
            "target-dir": "Symfony/Component/EventDispatcher",
            "source": {
                "type": "git",
                "url": "https://github.com/symfony/EventDispatcher.git",
                "reference": "7a4f4b42886f8c2e35acb1071f157a0b8eb1bd39"
            },
            "dist": {
                "type": "zip",
                "url": "https://api.github.com/repos/symfony/EventDispatcher/zipball/7a4f4b42886f8c2e35acb1071f157a0b8eb1bd39",
                "reference": "7a4f4b42886f8c2e35acb1071f157a0b8eb1bd39",
                "shasum": ""
            },
            "require": {
                "php": ">=5.3.3"
            },
            "require-dev": {
                "psr/log": "~1.0",
                "symfony/config": "~2.0",
                "symfony/dependency-injection": "~2.0",
                "symfony/stopwatch": "~2.2"
            },
            "suggest": {
                "symfony/dependency-injection": "",
                "symfony/http-kernel": ""
            },
            "type": "library",
            "extra": {
                "branch-alias": {
                    "dev-master": "2.6-dev"
                }
            },
            "autoload": {
                "psr-0": {
                    "Symfony\\Component\\EventDispatcher\\": ""
                }
            },
            "notification-url": "https://packagist.org/downloads/",
            "license": [
                "MIT"
            ],
            "authors": [
                {
                    "name": "Fabien Potencier",
                    "email": "fabien@symfony.com",
                    "homepage": "http://fabien.potencier.org",
                    "role": "Lead Developer"
                },
                {
                    "name": "Symfony Community",
                    "homepage": "http://symfony.com/contributors"
                }
            ],
            "description": "Symfony EventDispatcher Component",
            "homepage": "http://symfony.com",
            "time": "2014-05-23 14:36:49"
        },
        {
            "name": "symfony/filesystem",
            "version": "dev-master",
            "target-dir": "Symfony/Component/Filesystem",
            "source": {
                "type": "git",
                "url": "https://github.com/symfony/Filesystem.git",
                "reference": "8ec53ca0a09cf07b58a62590b67166f4a39af81b"
            },
            "dist": {
                "type": "zip",
                "url": "https://api.github.com/repos/symfony/Filesystem/zipball/8ec53ca0a09cf07b58a62590b67166f4a39af81b",
                "reference": "8ec53ca0a09cf07b58a62590b67166f4a39af81b",
                "shasum": ""
            },
            "require": {
                "php": ">=5.3.3"
            },
            "type": "library",
            "extra": {
                "branch-alias": {
                    "dev-master": "2.6-dev"
                }
            },
            "autoload": {
                "psr-0": {
                    "Symfony\\Component\\Filesystem\\": ""
                }
            },
            "notification-url": "https://packagist.org/downloads/",
            "license": [
                "MIT"
            ],
            "authors": [
                {
                    "name": "Fabien Potencier",
                    "email": "fabien@symfony.com",
                    "homepage": "http://fabien.potencier.org",
                    "role": "Lead Developer"
                },
                {
                    "name": "Symfony Community",
                    "homepage": "http://symfony.com/contributors"
                }
            ],
            "description": "Symfony Filesystem Component",
            "homepage": "http://symfony.com",
            "time": "2014-05-23 14:36:49"
        },
        {
            "name": "symfony/finder",
            "version": "dev-master",
            "target-dir": "Symfony/Component/Finder",
            "source": {
                "type": "git",
                "url": "https://github.com/symfony/Finder.git",
                "reference": "bed12a8b775813b252daf137b64f79113fbc5da5"
            },
            "dist": {
                "type": "zip",
                "url": "https://api.github.com/repos/symfony/Finder/zipball/bed12a8b775813b252daf137b64f79113fbc5da5",
                "reference": "bed12a8b775813b252daf137b64f79113fbc5da5",
                "shasum": ""
            },
            "require": {
                "php": ">=5.3.3"
            },
            "type": "library",
            "extra": {
                "branch-alias": {
                    "dev-master": "2.6-dev"
                }
            },
            "autoload": {
                "psr-0": {
                    "Symfony\\Component\\Finder\\": ""
                }
            },
            "notification-url": "https://packagist.org/downloads/",
            "license": [
                "MIT"
            ],
            "authors": [
                {
                    "name": "Fabien Potencier",
                    "email": "fabien@symfony.com",
                    "homepage": "http://fabien.potencier.org",
                    "role": "Lead Developer"
                },
                {
                    "name": "Symfony Community",
                    "homepage": "http://symfony.com/contributors"
                }
            ],
            "description": "Symfony Finder Component",
            "homepage": "http://symfony.com",
            "time": "2014-05-23 14:36:49"
        },
        {
            "name": "symfony/translation",
            "version": "dev-master",
            "target-dir": "Symfony/Component/Translation",
            "source": {
                "type": "git",
                "url": "https://github.com/symfony/Translation.git",
                "reference": "eb94a43aeaa1ccacbd4690f1cd08c008c96b0886"
            },
            "dist": {
                "type": "zip",
                "url": "https://api.github.com/repos/symfony/Translation/zipball/eb94a43aeaa1ccacbd4690f1cd08c008c96b0886",
                "reference": "eb94a43aeaa1ccacbd4690f1cd08c008c96b0886",
                "shasum": ""
            },
            "require": {
                "php": ">=5.3.3"
            },
            "require-dev": {
                "symfony/config": "~2.0",
                "symfony/yaml": "~2.2"
            },
            "suggest": {
                "symfony/config": "",
                "symfony/yaml": ""
            },
            "type": "library",
            "extra": {
                "branch-alias": {
                    "dev-master": "2.6-dev"
                }
            },
            "autoload": {
                "psr-0": {
                    "Symfony\\Component\\Translation\\": ""
                }
            },
            "notification-url": "https://packagist.org/downloads/",
            "license": [
                "MIT"
            ],
            "authors": [
                {
                    "name": "Fabien Potencier",
                    "email": "fabien@symfony.com",
                    "homepage": "http://fabien.potencier.org",
                    "role": "Lead Developer"
                },
                {
                    "name": "Symfony Community",
                    "homepage": "http://symfony.com/contributors"
                }
            ],
            "description": "Symfony Translation Component",
            "homepage": "http://symfony.com",
            "time": "2014-05-23 14:36:49"
        }
    ],
    "aliases": [

    ],
    "minimum-stability": "dev",
    "stability-flags": {
        "behat/mink": 20,
        "behat/mink-selenium2-driver": 20
    },
    "platform": [

    ],
    "platform-dev": [

    ]
}
